id: dpd_predistorter_training
label: Predistorter training block
category: '[Dpd]'
templates:
  imports: import dpd
  make: dpd.predistorter_training(${dpd_params})
parameters:
- id: dpd_params
  label: Dpd_params
  dtype: int_vector
inputs:
- label: Input vector
  domain: stream
  dtype: complex
- label: taps
  domain: message
  id: taps
outputs:
- label: Out/ PA_Input
  domain: stream
  dtype: complex
file_format: 1
