id: dpd_GMP_model_PA
label: GMP model PA
category: '[Dpd]'
templates:
  imports: import dpd
  make: dpd.GMP_model_PA(${model_param1}, ${model_param2}, ${model_param3}, ${model_param4},
    ${model_param5}, ${mode}, ${coeff1}, ${coeff2})
parameters:
- id: model_param1
  label: Model_param1 (K_a)
  dtype: int
- id: model_param2
  label: Model_param2 (L_a)
  dtype: int
- id: model_param3
  label: Model_param3 (K_b)
  dtype: int
- id: model_param4
  label: Model_param4 (M_b)
  dtype: int
- id: model_param5
  label: Model_param5 (L_b)
  dtype: int
- id: mode
  label: Mode of Operation
  dtype: string
  default: "Both"
  options: ["Both", "Even", "Odd"]
  option_labels: [Both Terms, Even Terms Only, Odd Terms Only]
- id: coeff1
  label: Coeff. Vector I (K_a x L_a)
  dtype: complex_vector
  hide: 'part'
- id: coeff2
  label: Coeff. Vector II (K_b x M_b x L_b)
  dtype: complex_vector
  hide: 'part'
inputs:
- label: in
  domain: stream
  dtype: complex
outputs:
- label: out
  domain: stream
  dtype: complex
file_format: 1
