id: dpd_LMS_postdistorter
label: LMS postdistorter
category: '[DPD]'
templates:
  imports: import dpd
  make: dpd.LMS_postdistorter(${dpd_params}, ${iter_limit}, ${method}, ${learning_rate})
parameters:
- id: dpd_params
  label: Dpd_params
  dtype: int_vector
- id: iter_limit
  label: Iter_limit
  dtype: int
- id: method
  label: Method
  dtype: string
  default: "newton"
  options: ["newton", "ema"]
  option_labels: [Newton, EMA]
- id: learning_rate
  label: Learning rate
  dtype: complex
  default: 0.75
inputs:
- label: in
  domain: stream
  dtype: complex
- label: PA_Input
  domain: stream
  dtype: complex
- label: Flag
  domain: stream
  dtype: complex
outputs:
- label: taps
  domain: message
  id: taps
file_format: 1
