id: dpd_predistorter_training
label: Predistorter training block
category: '[Dpd]'
templates:
  imports: import dpd
  make: dpd.predistorter_training(${M})
parameters:
- id: M
  label: M
  dtype: int
inputs:
- label: Input vector
  domain: stream
  dtype: complex
  vlen: ${ M }
- label: taps
  domain: message
  id: taps
outputs:
- label: Out/ PA_Input
  domain: stream
  dtype: complex
file_format: 1
